
Microsoft Visual Studio Solution File, Format Version 12.00
# Visual Studio Version 16
VisualStudioVersion = 16.0.31911.196
MinimumVisualStudioVersion = 10.0.40219.1
Project("{FAE04EC0-301F-11D3-BF4B-00C04F79EFBC}") = "GiFast", "GiFast\GiFast.csproj", "{D97F55B0-767B-4EFA-89D6-DBE15C7D4FA5}"
EndProject
Global
	GlobalSection(SolutionConfigurationPlatforms) = preSolution
		Debug|Any CPU = Debug|Any CPU
		Release|Any CPU = Release|Any CPU
	EndGlobalSection
	GlobalSection(ProjectConfigurationPlatforms) = postSolution
		{D97F55B0-767B-4EFA-89D6-DBE15C7D4FA5}.Debug|Any CPU.ActiveCfg = Debug|Any CPU
		{D97F55B0-767B-4EFA-89D6-DBE15C7D4FA5}.Debug|Any CPU.Build.0 = Debug|Any CPU
		{D97F55B0-767B-4EFA-89D6-DBE15C7D4FA5}.Release|Any CPU.ActiveCfg = Release|Any CPU
		{D97F55B0-767B-4EFA-89D6-DBE15C7D4FA5}.Release|Any CPU.Build.0 = Release|Any CPU
	EndGlobalSection
	GlobalSection(SolutionProperties) = preSolution
		HideSolutionNode = FALSE
	EndGlobalSection
	GlobalSection(ExtensibilityGlobals) = postSolution
		SolutionGuid = {C7D4D96B-617C-4F84-9B3B-ECC547A98038}
	EndGlobalSection
EndGlobal
